// !$*UTF8*$!
{
	archiveVersion = 1;
	classes = {
	};
	objectVersion = 46;
	objects = {

/* Begin PBXBuildFile section */
		EEF1FC3B1D991CF500C76963 /* main.m in Sources */ = {isa = PBXBuildFile; fileRef = EEF1FC3A1D991CF500C76963 /* main.m */; };
		EEF1FC3E1D991CF500C76963 /* AppDelegate.m in Sources */ = {isa = PBXBuildFile; fileRef = EEF1FC3D1D991CF500C76963 /* AppDelegate.m */; };
		EEF1FC411D991CF500C76963 /* ViewController.m in Sources */ = {isa = PBXBuildFile; fileRef = EEF1FC401D991CF500C76963 /* ViewController.m */; };
		EEF1FC491D991CF500C76963 /* LaunchScreen.storyboard in Resources */ = {isa = PBXBuildFile; fileRef = EEF1FC471D991CF500C76963 /* LaunchScreen.storyboard */; };
		EEF1FC541D991CF500C76963 /* TimeKillerTests.m in Sources */ = {isa = PBXBuildFile; fileRef = EEF1FC531D991CF500C76963 /* TimeKillerTests.m */; };
		EEF1FC5F1D991CF500C76963 /* TimeKillerUITests.m in Sources */ = {isa = PBXBuildFile; fileRef = EEF1FC5E1D991CF500C76963 /* TimeKillerUITests.m */; };
		EEF1FC6D1D99255100C76963 /* Assets.xcassets in Resources */ = {isa = PBXBuildFile; fileRef = EEF1FC6C1D99255100C76963 /* Assets.xcassets */; };
		F99B071107581E8391580539 /* libPods-TimeKiller.a in Frameworks */ = {isa = PBXBuildFile; fileRef = EF34694B0558754BE04C75D6 /* libPods-TimeKiller.a */; };
/* End PBXBuildFile section */

/* Begin PBXContainerItemProxy section */
		EEF1FC501D991CF500C76963 /* PBXContainerItemProxy */ = {
			isa = PBXContainerItemProxy;
			containerPortal = EEF1FC2E1D991CF500C76963 /* Project object */;
			proxyType = 1;
			remoteGlobalIDString = EEF1FC351D991CF500C76963;
			remoteInfo = TimeKiller;
		};
		EEF1FC5B1D991CF500C76963 /* PBXContainerItemProxy */ = {
			isa = PBXContainerItemProxy;
			containerPortal = EEF1FC2E1D991CF500C76963 /* Project object */;
			proxyType = 1;
			remoteGlobalIDString = EEF1FC351D991CF500C76963;
			remoteInfo = TimeKiller;
		};
/* End PBXContainerItemProxy section */

/* Begin PBXFileReference section */
		D4CBD1CD591DDA609F5AA418 /* Pods-TimeKiller.release.xcconfig */ = {isa = PBXFileReference; includeInIndex = 1; lastKnownFileType = text.xcconfig; name = "Pods-TimeKiller.release.xcconfig"; path = "Pods/Target Support Files/Pods-TimeKiller/Pods-TimeKiller.release.xcconfig"; sourceTree = "<group>"; };
		EEF1FC361D991CF500C76963 /* TimeKiller.app */ = {isa = PBXFileReference; explicitFileType = wrapper.application; includeInIndex = 0; path = TimeKiller.app; sourceTree = BUILT_PRODUCTS_DIR; };
		EEF1FC3A1D991CF500C76963 /* main.m */ = {isa = PBXFileReference; lastKnownFileType = sourcecode.c.objc; path = main.m; sourceTree = "<group>"; };
		EEF1FC3C1D991CF500C76963 /* AppDelegate.h */ = {isa = PBXFileReference; lastKnownFileType = sourcecode.c.h; path = AppDelegate.h; sourceTree = "<group>"; };
		EEF1FC3D1D991CF500C76963 /* AppDelegate.m */ = {isa = PBXFileReference; lastKnownFileType = sourcecode.c.objc; path = AppDelegate.m; sourceTree = "<group>"; };
		EEF1FC3F1D991CF500C76963 /* ViewController.h */ = {isa = PBXFileReference; lastKnownFileType = sourcecode.c.h; path = ViewController.h; sourceTree = "<group>"; };
		EEF1FC401D991CF500C76963 /* ViewController.m */ = {isa = PBXFileReference; lastKnownFileType = sourcecode.c.objc; path = ViewController.m; sourceTree = "<group>"; };
		EEF1FC481D991CF500C76963 /* Base */ = {isa = PBXFileReference; lastKnownFileType = file.storyboard; name = Base; path = Base.lproj/LaunchScreen.storyboard; sourceTree = "<group>"; };
		EEF1FC4A1D991CF500C76963 /* Info.plist */ = {isa = PBXFileReference; lastKnownFileType = text.plist.xml; path = Info.plist; sourceTree = "<group>"; };
		EEF1FC4F1D991CF500C76963 /* TimeKillerTests.xctest */ = {isa = PBXFileReference; explicitFileType = wrapper.cfbundle; includeInIndex = 0; path = TimeKillerTests.xctest; sourceTree = BUILT_PRODUCTS_DIR; };
		EEF1FC531D991CF500C76963 /* TimeKillerTests.m */ = {isa = PBXFileReference; lastKnownFileType = sourcecode.c.objc; path = TimeKillerTests.m; sourceTree = "<group>"; };
		EEF1FC551D991CF500C76963 /* Info.plist */ = {isa = PBXFileReference; lastKnownFileType = text.plist.xml; path = Info.plist; sourceTree = "<group>"; };
		EEF1FC5A1D991CF500C76963 /* TimeKillerUITests.xctest */ = {isa = PBXFileReference; explicitFileType = wrapper.cfbundle; includeInIndex = 0; path = TimeKillerUITests.xctest; sourceTree = BUILT_PRODUCTS_DIR; };
		EEF1FC5E1D991CF500C76963 /* TimeKillerUITests.m */ = {isa = PBXFileReference; lastKnownFileType = sourcecode.c.objc; path = TimeKillerUITests.m; sourceTree = "<group>"; };
		EEF1FC601D991CF500C76963 /* Info.plist */ = {isa = PBXFileReference; lastKnownFileType = text.plist.xml; path = Info.plist; sourceTree = "<group>"; };
		EEF1FC6C1D99255100C76963 /* Assets.xcassets */ = {isa = PBXFileReference; lastKnownFileType = folder.assetcatalog; path = Assets.xcassets; sourceTree = "<group>"; };
		EF34694B0558754BE04C75D6 /* libPods-TimeKiller.a */ = {isa = PBXFileReference; explicitFileType = archive.ar; includeInIndex = 0; path = "libPods-TimeKiller.a"; sourceTree = BUILT_PRODUCTS_DIR; };
		FC4C14478E83595056E04E22 /* Pods-TimeKiller.debug.xcconfig */ = {isa = PBXFileReference; includeInIndex = 1; lastKnownFileType = text.xcconfig; name = "Pods-TimeKiller.debug.xcconfig"; path = "Pods/Target Support Files/Pods-TimeKiller/Pods-TimeKiller.debug.xcconfig"; sourceTree = "<group>"; };
/* End PBXFileReference section */

/* Begin PBXFrameworksBuildPhase section */
		EEF1FC331D991CF500C76963 /* Frameworks */ = {
			isa = PBXFrameworksBuildPhase;
			buildActionMask = 2147483647;
			files = (
				F99B071107581E8391580539 /* libPods-TimeKiller.a in Frameworks */,
			);
			runOnlyForDeploymentPostprocessing = 0;
		};
		EEF1FC4C1D991CF500C76963 /* Frameworks */ = {
			isa = PBXFrameworksBuildPhase;
			buildActionMask = 2147483647;
			files = (
			);
			runOnlyForDeploymentPostprocessing = 0;
		};
		EEF1FC571D991CF500C76963 /* Frameworks */ = {
			isa = PBXFrameworksBuildPhase;
			buildActionMask = 2147483647;
			files = (
			);
			runOnlyForDeploymentPostprocessing = 0;
		};
/* End PBXFrameworksBuildPhase section */

/* Begin PBXGroup section */
		88D589DF5F108CD578C2EF88 /* Frameworks */ = {
			isa = PBXGroup;
			children = (
				EF34694B0558754BE04C75D6 /* libPods-TimeKiller.a */,
			);
			name = Frameworks;
			sourceTree = "<group>";
		};
		A4170AC158D4F2C255380526 /* Pods */ = {
			isa = PBXGroup;
			children = (
				FC4C14478E83595056E04E22 /* Pods-TimeKiller.debug.xcconfig */,
				D4CBD1CD591DDA609F5AA418 /* Pods-TimeKiller.release.xcconfig */,
			);
			name = Pods;
			sourceTree = "<group>";
		};
		EEF1FC2D1D991CF500C76963 = {
			isa = PBXGroup;
			children = (
				EEF1FC381D991CF500C76963 /* TimeKiller */,
				EEF1FC521D991CF500C76963 /* TimeKillerTests */,
				EEF1FC5D1D991CF500C76963 /* TimeKillerUITests */,
				EEF1FC371D991CF500C76963 /* Products */,
				A4170AC158D4F2C255380526 /* Pods */,
				88D589DF5F108CD578C2EF88 /* Frameworks */,
			);
			sourceTree = "<group>";
		};
		EEF1FC371D991CF500C76963 /* Products */ = {
			isa = PBXGroup;
			children = (
				EEF1FC361D991CF500C76963 /* TimeKiller.app */,
				EEF1FC4F1D991CF500C76963 /* TimeKillerTests.xctest */,
				EEF1FC5A1D991CF500C76963 /* TimeKillerUITests.xctest */,
			);
			name = Products;
			sourceTree = "<group>";
		};
		EEF1FC381D991CF500C76963 /* TimeKiller */ = {
			isa = PBXGroup;
			children = (
				EEF1FC3C1D991CF500C76963 /* AppDelegate.h */,
				EEF1FC3D1D991CF500C76963 /* AppDelegate.m */,
				EEF1FC3F1D991CF500C76963 /* ViewController.h */,
				EEF1FC401D991CF500C76963 /* ViewController.m */,
				EEF1FC6C1D99255100C76963 /* Assets.xcassets */,
				EEF1FC471D991CF500C76963 /* LaunchScreen.storyboard */,
				EEF1FC4A1D991CF500C76963 /* Info.plist */,
				EEF1FC391D991CF500C76963 /* Supporting Files */,
			);
			path = TimeKiller;
			sourceTree = "<group>";
		};
		EEF1FC391D991CF500C76963 /* Supporting Files */ = {
			isa = PBXGroup;
			children = (
				EEF1FC3A1D991CF500C76963 /* main.m */,
			);
			name = "Supporting Files";
			sourceTree = "<group>";
		};
		EEF1FC521D991CF500C76963 /* TimeKillerTests */ = {
			isa = PBXGroup;
			children = (
				EEF1FC531D991CF500C76963 /* TimeKillerTests.m */,
				EEF1FC551D991CF500C76963 /* Info.plist */,
			);
			path = TimeKillerTests;
			sourceTree = "<group>";
		};
		EEF1FC5D1D991CF500C76963 /* TimeKillerUITests */ = {
			isa = PBXGroup;
			children = (
				EEF1FC5E1D991CF500C76963 /* TimeKillerUITests.m */,
				EEF1FC601D991CF500C76963 /* Info.plist */,
			);
			path = TimeKillerUITests;
			sourceTree = "<group>";
		};
/* End PBXGroup section */

/* Begin PBXNativeTarget section */
		EEF1FC351D991CF500C76963 /* TimeKiller */ = {
			isa = PBXNativeTarget;
			buildConfigurationList = EEF1FC631D991CF500C76963 /* Build configuration list for PBXNativeTarget "TimeKiller" */;
			buildPhases = (
				53D7D68438420FB53A1E8C41 /* [CP] Check Pods Manifest.lock */,
				EEF1FC321D991CF500C76963 /* Sources */,
				EEF1FC331D991CF500C76963 /* Frameworks */,
				EEF1FC341D991CF500C76963 /* Resources */,
				0CCCFB62423C8AF2D9ECB7E1 /* [CP] Embed Pods Frameworks */,
				91ED324C694C16440540BC28 /* [CP] Copy Pods Resources */,
			);
			buildRules = (
			);
			dependencies = (
			);
			name = TimeKiller;
			productName = TimeKiller;
			productReference = EEF1FC361D991CF500C76963 /* TimeKiller.app */;
			productType = "com.apple.product-type.application";
		};
		EEF1FC4E1D991CF500C76963 /* TimeKillerTests */ = {
			isa = PBXNativeTarget;
			buildConfigurationList = EEF1FC661D991CF500C76963 /* Build configuration list for PBXNativeTarget "TimeKillerTests" */;
			buildPhases = (
				EEF1FC4B1D991CF500C76963 /* Sources */,
				EEF1FC4C1D991CF500C76963 /* Frameworks */,
				EEF1FC4D1D991CF500C76963 /* Resources */,
			);
			buildRules = (
			);
			dependencies = (
				EEF1FC511D991CF500C76963 /* PBXTargetDependency */,
			);
			name = TimeKillerTests;
			productName = TimeKillerTests;
			productReference = EEF1FC4F1D991CF500C76963 /* TimeKillerTests.xctest */;
			productType = "com.apple.product-type.bundle.unit-test";
		};
		EEF1FC591D991CF500C76963 /* TimeKillerUITests */ = {
			isa = PBXNativeTarget;
			buildConfigurationList = EEF1FC691D991CF500C76963 /* Build configuration list for PBXNativeTarget "TimeKillerUITests" */;
			buildPhases = (
				EEF1FC561D991CF500C76963 /* Sources */,
				EEF1FC571D991CF500C76963 /* Frameworks */,
				EEF1FC581D991CF500C76963 /* Resources */,
			);
			buildRules = (
			);
			dependencies = (
				EEF1FC5C1D991CF500C76963 /* PBXTargetDependency */,
			);
			name = TimeKillerUITests;
			productName = TimeKillerUITests;
			productReference = EEF1FC5A1D991CF500C76963 /* TimeKillerUITests.xctest */;
			productType = "com.apple.product-type.bundle.ui-testing";
		};
/* End PBXNativeTarget section */

/* Begin PBXProject section */
		EEF1FC2E1D991CF500C76963 /* Project object */ = {
			isa = PBXProject;
			attributes = {
				LastUpgradeCheck = 0720;
				ORGANIZATIONNAME = "李明航";
				TargetAttributes = {
					EEF1FC351D991CF500C76963 = {
						CreatedOnToolsVersion = 7.2;
						DevelopmentTeam = Y4AQ66P5AD;
					};
					EEF1FC4E1D991CF500C76963 = {
						CreatedOnToolsVersion = 7.2;
						TestTargetID = EEF1FC351D991CF500C76963;
					};
					EEF1FC591D991CF500C76963 = {
						CreatedOnToolsVersion = 7.2;
						TestTargetID = EEF1FC351D991CF500C76963;
					};
				};
			};
			buildConfigurationList = EEF1FC311D991CF500C76963 /* Build configuration list for PBXProject "TImeKiller" */;
			compatibilityVersion = "Xcode 3.2";
			developmentRegion = English;
			hasScannedForEncodings = 0;
			knownRegions = (
				en,
				Base,
			);
			mainGroup = EEF1FC2D1D991CF500C76963;
			productRefGroup = EEF1FC371D991CF500C76963 /* Products */;
			projectDirPath = "";
			projectRoot = "";
			targets = (
				EEF1FC351D991CF500C76963 /* TimeKiller */,
				EEF1FC4E1D991CF500C76963 /* TimeKillerTests */,
				EEF1FC591D991CF500C76963 /* TimeKillerUITests */,
			);
		};
/* End PBXProject section */

/* Begin PBXResourcesBuildPhase section */
		EEF1FC341D991CF500C76963 /* Resources */ = {
			isa = PBXResourcesBuildPhase;
			buildActionMask = 2147483647;
			files = (
				EEF1FC6D1D99255100C76963 /* Assets.xcassets in Resources */,
				EEF1FC491D991CF500C76963 /* LaunchScreen.storyboard in Resources */,
			);
			runOnlyForDeploymentPostprocessing = 0;
		};
		EEF1FC4D1D991CF500C76963 /* Resources */ = {
			isa = PBXResourcesBuildPhase;
			buildActionMask = 2147483647;
			files = (
			);
			runOnlyForDeploymentPostprocessing = 0;
		};
		EEF1FC581D991CF500C76963 /* Resources */ = {
			isa = PBXResourcesBuildPhase;
			buildActionMask = 2147483647;
			files = (
			);
			runOnlyForDeploymentPostprocessing = 0;
		};
/* End PBXResourcesBuildPhase section */

/* Begin PBXShellScriptBuildPhase section */
		0CCCFB62423C8AF2D9ECB7E1 /* [CP] Embed Pods Frameworks */ = {
			isa = PBXShellScriptBuildPhase;
			buildActionMask = 2147483647;
			files = (
			);
			inputPaths = (
			);
			name = "[CP] Embed Pods Frameworks";
			outputPaths = (
			);
			runOnlyForDeploymentPostprocessing = 0;
			shellPath = /bin/sh;
			shellScript = "\"${SRCROOT}/Pods/Target Support Files/Pods-TimeKiller/Pods-TimeKiller-frameworks.sh\"\n";
			showEnvVarsInLog = 0;
		};
		53D7D68438420FB53A1E8C41 /* [CP] Check Pods Manifest.lock */ = {
			isa = PBXShellScriptBuildPhase;
			buildActionMask = 2147483647;
			files = (
			);
			inputPaths = (
			);
			name = "[CP] Check Pods Manifest.lock";
			outputPaths = (
			);
			runOnlyForDeploymentPostprocessing = 0;
			shellPath = /bin/sh;
			shellScript = "diff \"${PODS_ROOT}/../Podfile.lock\" \"${PODS_ROOT}/Manifest.lock\" > /dev/null\nif [ $? != 0 ] ; then\n    # print error to STDERR\n    echo \"error: The sandbox is not in sync with the Podfile.lock. Run 'pod install' or update your CocoaPods installation.\" >&2\n    exit 1\nfi\n";
			showEnvVarsInLog = 0;
		};
		91ED324C694C16440540BC28 /* [CP] Copy Pods Resources */ = {
			isa = PBXShellScriptBuildPhase;
			buildActionMask = 2147483647;
			files = (
			);
			inputPaths = (
			);
			name = "[CP] Copy Pods Resources";
			outputPaths = (
			);
			runOnlyForDeploymentPostprocessing = 0;
			shellPath = /bin/sh;
			shellScript = "\"${SRCROOT}/Pods/Target Support Files/Pods-TimeKiller/Pods-TimeKiller-resources.sh\"\n";
			showEnvVarsInLog = 0;
		};
/* End PBXShellScriptBuildPhase section */

/* Begin PBXSourcesBuildPhase section */
		EEF1FC321D991CF500C76963 /* Sources */ = {
			isa = PBXSourcesBuildPhase;
			buildActionMask = 2147483647;
			files = (
				EEF1FC411D991CF500C76963 /* ViewController.m in Sources */,
				EEF1FC3E1D991CF500C76963 /* AppDelegate.m in Sources */,
				EEF1FC3B1D991CF500C76963 /* main.m in Sources */,
			);
			runOnlyForDeploymentPostprocessing = 0;
		};
		EEF1FC4B1D991CF500C76963 /* Sources */ = {
			isa = PBXSourcesBuildPhase;
			buildActionMask = 2147483647;
			files = (
				EEF1FC541D991CF500C76963 /* TimeKillerTests.m in Sources */,
			);
			runOnlyForDeploymentPostprocessing = 0;
		};
		EEF1FC561D991CF500C76963 /* Sources */ = {
			isa = PBXSourcesBuildPhase;
			buildActionMask = 2147483647;
			files = (
				EEF1FC5F1D991CF500C76963 /* TimeKillerUITests.m in Sources */,
			);
			runOnlyForDeploymentPostprocessing = 0;
		};
/* End PBXSourcesBuildPhase section */

/* Begin PBXTargetDependency section */
		EEF1FC511D991CF500C76963 /* PBXTargetDependency */ = {
			isa = PBXTargetDependency;
			target = EEF1FC351D991CF500C76963 /* TimeKiller */;
			targetProxy = EEF1FC501D991CF500C76963 /* PBXContainerItemProxy */;
		};
		EEF1FC5C1D991CF500C76963 /* PBXTargetDependency */ = {
			isa = PBXTargetDependency;
			target = EEF1FC351D991CF500C76963 /* TimeKiller */;
			targetProxy = EEF1FC5B1D991CF500C76963 /* PBXContainerItemProxy */;
		};
/* End PBXTargetDependency section */

/* Begin PBXVariantGroup section */
		EEF1FC471D991CF500C76963 /* LaunchScreen.storyboard */ = {
			isa = PBXVariantGroup;
			children = (
				EEF1FC481D991CF500C76963 /* Base */,
			);
			name = LaunchScreen.storyboard;
			sourceTree = "<group>";
		};
/* End PBXVariantGroup section */

/* Begin XCBuildConfiguration section */
		EEF1FC611D991CF500C76963 /* Debug */ = {
			isa = XCBuildConfiguration;
			buildSettings = {
				ALWAYS_SEARCH_USER_PATHS = NO;
				CLANG_CXX_LANGUAGE_STANDARD = "gnu++0x";
				CLANG_CXX_LIBRARY = "libc++";
				CLANG_ENABLE_MODULES = YES;
				CLANG_ENABLE_OBJC_ARC = YES;
				CLANG_WARN_BOOL_CONVERSION = YES;
				CLANG_WARN_CONSTANT_CONVERSION = YES;
				CLANG_WARN_DIRECT_OBJC_ISA_USAGE = YES_ERROR;
				CLANG_WARN_EMPTY_BODY = YES;
				CLANG_WARN_ENUM_CONVERSION = YES;
				CLANG_WARN_INT_CONVERSION = YES;
				CLANG_WARN_OBJC_ROOT_CLASS = YES_ERROR;
				CLANG_WARN_UNREACHABLE_CODE = YES;
				CLANG_WARN__DUPLICATE_METHOD_MATCH = YES;
				"CODE_SIGN_IDENTITY[sdk=iphoneos*]" = "iPhone Developer";
				COPY_PHASE_STRIP = NO;
				DEBUG_INFORMATION_FORMAT = dwarf;
				ENABLE_STRICT_OBJC_MSGSEND = YES;
				ENABLE_TESTABILITY = YES;
				GCC_C_LANGUAGE_STANDARD = gnu99;
				GCC_DYNAMIC_NO_PIC = NO;
				GCC_NO_COMMON_BLOCKS = YES;
				GCC_OPTIMIZATION_LEVEL = 0;
				GCC_PREPROCESSOR_DEFINITIONS = (
					"DEBUG=1",
					"$(inherited)",
				);
				GCC_WARN_64_TO_32_BIT_CONVERSION = YES;
				GCC_WARN_ABOUT_RETURN_TYPE = YES_ERROR;
				GCC_WARN_UNDECLARED_SELECTOR = YES;
				GCC_WARN_UNINITIALIZED_AUTOS = YES_AGGRESSIVE;
				GCC_WARN_UNUSED_FUNCTION = YES;
				GCC_WARN_UNUSED_VARIABLE = YES;
				IPHONEOS_DEPLOYMENT_TARGET = 9.2;
				MTL_ENABLE_DEBUG_INFO = YES;
				ONLY_ACTIVE_ARCH = YES;
				SDKROOT = iphoneos;
				TARGETED_DEVICE_FAMILY = "1,2";
			};
			name = Debug;
		};
		EEF1FC621D991CF500C76963 /* Release */ = {
			isa = XCBuildConfiguration;
			buildSettings = {
				ALWAYS_SEARCH_USER_PATHS = NO;
				CLANG_CXX_LANGUAGE_STANDARD = "gnu++0x";
				CLANG_CXX_LIBRARY = "libc++";
				CLANG_ENABLE_MODULES = YES;
				CLANG_ENABLE_OBJC_ARC = YES;
				CLANG_WARN_BOOL_CONVERSION = YES;
				CLANG_WARN_CONSTANT_CONVERSION = YES;
				CLANG_WARN_DIRECT_OBJC_ISA_USAGE = YES_ERROR;
				CLANG_WARN_EMPTY_BODY = YES;
				CLANG_WARN_ENUM_CONVERSION = YES;
				CLANG_WARN_INT_CONVERSION = YES;
				CLANG_WARN_OBJC_ROOT_CLASS = YES_ERROR;
				CLANG_WARN_UNREACHABLE_CODE = YES;
				CLANG_WARN__DUPLICATE_METHOD_MATCH = YES;
				"CODE_SIGN_IDENTITY[sdk=iphoneos*]" = "iPhone Developer";
				COPY_PHASE_STRIP = NO;
				DEBUG_INFORMATION_FORMAT = "dwarf-with-dsym";
				ENABLE_NS_ASSERTIONS = NO;
				ENABLE_STRICT_OBJC_MSGSEND = YES;
				GCC_C_LANGUAGE_STANDARD = gnu99;
				GCC_NO_COMMON_BLOCKS = YES;
				GCC_WARN_64_TO_32_BIT_CONVERSION = YES;
				GCC_WARN_ABOUT_RETURN_TYPE = YES_ERROR;
				GCC_WARN_UNDECLARED_SELECTOR = YES;
				GCC_WARN_UNINITIALIZED_AUTOS = YES_AGGRESSIVE;
				GCC_WARN_UNUSED_FUNCTION = YES;
				GCC_WARN_UNUSED_VARIABLE = YES;
				IPHONEOS_DEPLOYMENT_TARGET = 9.2;
				MTL_ENABLE_DEBUG_INFO = NO;
				SDKROOT = iphoneos;
				TARGETED_DEVICE_FAMILY = "1,2";
				VALIDATE_PRODUCT = YES;
			};
			name = Release;
		};
		EEF1FC641D991CF500C76963 /* Debug */ = {
			isa = XCBuildConfiguration;
			baseConfigurationReference = FC4C14478E83595056E04E22 /* Pods-TimeKiller.debug.xcconfig */;
			buildSettings = {
				ASSETCATALOG_COMPILER_APPICON_NAME = AppIcon;
				ASSETCATALOG_COMPILER_LAUNCHIMAGE_NAME = LaunchImage;
				CODE_SIGN_IDENTITY = "iPhone Developer";
				INFOPLIST_FILE = TimeKiller/Info.plist;
				IPHONEOS_DEPLOYMENT_TARGET = 9.2;
				LD_RUNPATH_SEARCH_PATHS = "$(inherited) @executable_path/Frameworks";
				PRODUCT_BUNDLE_IDENTIFIER = www.jacob.com;
				PRODUCT_NAME = "$(TARGET_NAME)";
			};
			name = Debug;
		};
		EEF1FC651D991CF500C76963 /* Release */ = {
			isa = XCBuildConfiguration;
			baseConfigurationReference = D4CBD1CD591DDA609F5AA418 /* Pods-TimeKiller.release.xcconfig */;
			buildSettings = {
				ASSETCATALOG_COMPILER_APPICON_NAME = AppIcon;
				ASSETCATALOG_COMPILER_LAUNCHIMAGE_NAME = LaunchImage;
				CODE_SIGN_IDENTITY = "iPhone Developer";
				INFOPLIST_FILE = TimeKiller/Info.plist;
				IPHONEOS_DEPLOYMENT_TARGET = 9.2;
				LD_RUNPATH_SEARCH_PATHS = "$(inherited) @executable_path/Frameworks";
				PRODUCT_BUNDLE_IDENTIFIER = www.jacob.com;
				PRODUCT_NAME = "$(TARGET_NAME)";
			};
			name = Release;
		};
		EEF1FC671D991CF500C76963 /* Debug */ = {
			isa = XCBuildConfiguration;
			buildSettings = {
				BUNDLE_LOADER = "$(TEST_HOST)";
				INFOPLIST_FILE = TimeKillerTests/Info.plist;
				LD_RUNPATH_SEARCH_PATHS = "$(inherited) @executable_path/Frameworks @loader_path/Frameworks";
				PRODUCT_BUNDLE_IDENTIFIER = www.jacob.com.TimeKillerTests;
				PRODUCT_NAME = "$(TARGET_NAME)";
				TEST_HOST = "$(BUILT_PRODUCTS_DIR)/TimeKiller.app/TimeKiller";
			};
			name = Debug;
		};
		EEF1FC681D991CF500C76963 /* Release */ = {
			isa = XCBuildConfiguration;
			buildSettings = {
				BUNDLE_LOADER = "$(TEST_HOST)";
				INFOPLIST_FILE = TimeKillerTests/Info.plist;
				LD_RUNPATH_SEARCH_PATHS = "$(inherited) @executable_path/Frameworks @loader_path/Frameworks";
				PRODUCT_BUNDLE_IDENTIFIER = www.jacob.com.TimeKillerTests;
				PRODUCT_NAME = "$(TARGET_NAME)";
				TEST_HOST = "$(BUILT_PRODUCTS_DIR)/TimeKiller.app/TimeKiller";
			};
			name = Release;
		};
		EEF1FC6A1D991CF500C76963 /* Debug */ = {
			isa = XCBuildConfiguration;
			buildSettings = {
				INFOPLIST_FILE = TimeKillerUITests/Info.plist;
				LD_RUNPATH_SEARCH_PATHS = "$(inherited) @executable_path/Frameworks @loader_path/Frameworks";
				PRODUCT_BUNDLE_IDENTIFIER = www.jacob.com.TimeKillerUITests;
				PRODUCT_NAME = "$(TARGET_NAME)";
				TEST_TARGET_NAME = TimeKiller;
				USES_XCTRUNNER = YES;
			};
			name = Debug;
		};
		EEF1FC6B1D991CF500C76963 /* Release */ = {
			isa = XCBuildConfiguration;
			buildSettings = {
				INFOPLIST_FILE = TimeKillerUITests/Info.plist;
				LD_RUNPATH_SEARCH_PATHS = "$(inherited) @executable_path/Frameworks @loader_path/Frameworks";
				PRODUCT_BUNDLE_IDENTIFIER = www.jacob.com.TimeKillerUITests;
				PRODUCT_NAME = "$(TARGET_NAME)";
				TEST_TARGET_NAME = TimeKiller;
				USES_XCTRUNNER = YES;
			};
			name = Release;
		};
/* End XCBuildConfiguration section */

/* Begin XCConfigurationList section */
		EEF1FC311D991CF500C76963 /* Build configuration list for PBXProject "TImeKiller" */ = {
			isa = XCConfigurationList;
			buildConfigurations = (
				EEF1FC611D991CF500C76963 /* Debug */,
				EEF1FC621D991CF500C76963 /* Release */,
			);
			defaultConfigurationIsVisible = 0;
			defaultConfigurationName = Release;
		};
		EEF1FC631D991CF500C76963 /* Build configuration list for PBXNativeTarget "TimeKiller" */ = {
			isa = XCConfigurationList;
			buildConfigurations = (
				EEF1FC641D991CF500C76963 /* Debug */,
				EEF1FC651D991CF500C76963 /* Release */,
			);
			defaultConfigurationIsVisible = 0;
			defaultConfigurationName = Release;
		};
		EEF1FC661D991CF500C76963 /* Build configuration list for PBXNativeTarget "TimeKillerTests" */ = {
			isa = XCConfigurationList;
			buildConfigurations = (
				EEF1FC671D991CF500C76963 /* Debug */,
				EEF1FC681D991CF500C76963 /* Release */,
			);
			defaultConfigurationIsVisible = 0;
			defaultConfigurationName = Release;
		};
		EEF1FC691D991CF500C76963 /* Build configuration list for PBXNativeTarget "TimeKillerUITests" */ = {
			isa = XCConfigurationList;
			buildConfigurations = (
				EEF1FC6A1D991CF500C76963 /* Debug */,
				EEF1FC6B1D991CF500C76963 /* Release */,
			);
			defaultConfigurationIsVisible = 0;
			defaultConfigurationName = Release;
		};
/* End XCConfigurationList section */
	};
	rootObject = EEF1FC2E1D991CF500C76963 /* Project object */;
}
